// !$*UTF8*$!
{
	archiveVersion = 1;
	classes = {
	};
	objectVersion = 48;
	objects = {

/* Begin PBXBuildFile section */
		1041A3591F9C438000150D14 /* UnlockViewController.swift in Sources */ = {isa = PBXBuildFile; fileRef = 1041A3581F9C438000150D14 /* UnlockViewController.swift */; };
		104AECB01F9B668700EFA7E7 /* KeyViewController.swift in Sources */ = {isa = PBXBuildFile; fileRef = 104AECAF1F9B668700EFA7E7 /* KeyViewController.swift */; };
		104AECB21F9B68D200EFA7E7 /* Theme.swift in Sources */ = {isa = PBXBuildFile; fileRef = 104AECB11F9B68D200EFA7E7 /* Theme.swift */; };
		105AE9361F9B4D6900F121AA /* AppDelegate.swift in Sources */ = {isa = PBXBuildFile; fileRef = 105AE9351F9B4D6900F121AA /* AppDelegate.swift */; };
		105AE93B1F9B4D6900F121AA /* Main.storyboard in Resources */ = {isa = PBXBuildFile; fileRef = 105AE9391F9B4D6900F121AA /* Main.storyboard */; };
		105AE93D1F9B4D6900F121AA /* Assets.xcassets in Resources */ = {isa = PBXBuildFile; fileRef = 105AE93C1F9B4D6900F121AA /* Assets.xcassets */; };
		105AE9401F9B4D6900F121AA /* LaunchScreen.storyboard in Resources */ = {isa = PBXBuildFile; fileRef = 105AE93E1F9B4D6900F121AA /* LaunchScreen.storyboard */; };
		105AE94A1F9B4DA900F121AA /* LandingViewController.swift in Sources */ = {isa = PBXBuildFile; fileRef = 105AE9491F9B4DA900F121AA /* LandingViewController.swift */; };
		105AE94C1F9B530500F121AA /* LoginViewController.swift in Sources */ = {isa = PBXBuildFile; fileRef = 105AE94B1F9B530500F121AA /* LoginViewController.swift */; };
		10B8E0ED1F9B72B000B36BAE /* MenuViewController.swift in Sources */ = {isa = PBXBuildFile; fileRef = 10B8E0EC1F9B72B000B36BAE /* MenuViewController.swift */; };
		10B8E0EF1F9B746200B36BAE /* BaseViewController.swift in Sources */ = {isa = PBXBuildFile; fileRef = 10B8E0EE1F9B746200B36BAE /* BaseViewController.swift */; };
		10B8E0F11F9B945B00B36BAE /* PropertyViewController.swift in Sources */ = {isa = PBXBuildFile; fileRef = 10B8E0F01F9B945B00B36BAE /* PropertyViewController.swift */; };
		10B8E0F31F9B950200B36BAE /* FacilityBookingViewController.swift in Sources */ = {isa = PBXBuildFile; fileRef = 10B8E0F21F9B950200B36BAE /* FacilityBookingViewController.swift */; };
		10B8E0F51F9B98A300B36BAE /* BookingDetailsViewController.swift in Sources */ = {isa = PBXBuildFile; fileRef = 10B8E0F41F9B98A300B36BAE /* BookingDetailsViewController.swift */; };
		10B8E0FB1F9BB53900B36BAE /* TimeSelectionViewController.swift in Sources */ = {isa = PBXBuildFile; fileRef = 10B8E0FA1F9BB53900B36BAE /* TimeSelectionViewController.swift */; };
		10B8E0FD1F9BB57000B36BAE /* BaseTableViewController.swift in Sources */ = {isa = PBXBuildFile; fileRef = 10B8E0FC1F9BB57000B36BAE /* BaseTableViewController.swift */; };
		10B8E0FF1F9BC20600B36BAE /* DateSelectionViewController.swift in Sources */ = {isa = PBXBuildFile; fileRef = 10B8E0FE1F9BC20600B36BAE /* DateSelectionViewController.swift */; };
		10F314AF1F9BCA11007D6E3E /* BookingSummaryViewController.swift in Sources */ = {isa = PBXBuildFile; fileRef = 10F314AE1F9BCA11007D6E3E /* BookingSummaryViewController.swift */; };
		10F314B21F9BD28A007D6E3E /* Alamofire.framework in Frameworks */ = {isa = PBXBuildFile; fileRef = 10F314B11F9BD28A007D6E3E /* Alamofire.framework */; };
		10F314B31F9BD28A007D6E3E /* Alamofire.framework in Embed Frameworks */ = {isa = PBXBuildFile; fileRef = 10F314B11F9BD28A007D6E3E /* Alamofire.framework */; settings = {ATTRIBUTES = (CodeSignOnCopy, RemoveHeadersOnCopy, ); }; };
		10F314B51F9C32EC007D6E3E /* WebViewController.swift in Sources */ = {isa = PBXBuildFile; fileRef = 10F314B41F9C32EC007D6E3E /* WebViewController.swift */; };
/* End PBXBuildFile section */

/* Begin PBXCopyFilesBuildPhase section */
		10B8E0F91F9B9CB200B36BAE /* Embed Frameworks */ = {
			isa = PBXCopyFilesBuildPhase;
			buildActionMask = 2147483647;
			dstPath = "";
			dstSubfolderSpec = 10;
			files = (
				10F314B31F9BD28A007D6E3E /* Alamofire.framework in Embed Frameworks */,
			);
			name = "Embed Frameworks";
			runOnlyForDeploymentPostprocessing = 0;
		};
/* End PBXCopyFilesBuildPhase section */

/* Begin PBXFileReference section */
		1041A3581F9C438000150D14 /* UnlockViewController.swift */ = {isa = PBXFileReference; lastKnownFileType = sourcecode.swift; path = UnlockViewController.swift; sourceTree = "<group>"; };
		104AECAF1F9B668700EFA7E7 /* KeyViewController.swift */ = {isa = PBXFileReference; lastKnownFileType = sourcecode.swift; path = KeyViewController.swift; sourceTree = "<group>"; };
		104AECB11F9B68D200EFA7E7 /* Theme.swift */ = {isa = PBXFileReference; lastKnownFileType = sourcecode.swift; path = Theme.swift; sourceTree = "<group>"; };
		105AE9321F9B4D6900F121AA /* moBcub.app */ = {isa = PBXFileReference; explicitFileType = wrapper.application; includeInIndex = 0; path = moBcub.app; sourceTree = BUILT_PRODUCTS_DIR; };
		105AE9351F9B4D6900F121AA /* AppDelegate.swift */ = {isa = PBXFileReference; lastKnownFileType = sourcecode.swift; path = AppDelegate.swift; sourceTree = "<group>"; };
		105AE93A1F9B4D6900F121AA /* Base */ = {isa = PBXFileReference; lastKnownFileType = file.storyboard; name = Base; path = Base.lproj/Main.storyboard; sourceTree = "<group>"; };
		105AE93C1F9B4D6900F121AA /* Assets.xcassets */ = {isa = PBXFileReference; lastKnownFileType = folder.assetcatalog; path = Assets.xcassets; sourceTree = "<group>"; };
		105AE93F1F9B4D6900F121AA /* Base */ = {isa = PBXFileReference; lastKnownFileType = file.storyboard; name = Base; path = Base.lproj/LaunchScreen.storyboard; sourceTree = "<group>"; };
		105AE9411F9B4D6900F121AA /* Info.plist */ = {isa = PBXFileReference; lastKnownFileType = text.plist.xml; path = Info.plist; sourceTree = "<group>"; };
		105AE9491F9B4DA900F121AA /* LandingViewController.swift */ = {isa = PBXFileReference; lastKnownFileType = sourcecode.swift; path = LandingViewController.swift; sourceTree = "<group>"; };
		105AE94B1F9B530500F121AA /* LoginViewController.swift */ = {isa = PBXFileReference; lastKnownFileType = sourcecode.swift; path = LoginViewController.swift; sourceTree = "<group>"; };
		10B8E0EC1F9B72B000B36BAE /* MenuViewController.swift */ = {isa = PBXFileReference; lastKnownFileType = sourcecode.swift; path = MenuViewController.swift; sourceTree = "<group>"; };
		10B8E0EE1F9B746200B36BAE /* BaseViewController.swift */ = {isa = PBXFileReference; lastKnownFileType = sourcecode.swift; path = BaseViewController.swift; sourceTree = "<group>"; };
		10B8E0F01F9B945B00B36BAE /* PropertyViewController.swift */ = {isa = PBXFileReference; lastKnownFileType = sourcecode.swift; path = PropertyViewController.swift; sourceTree = "<group>"; };
		10B8E0F21F9B950200B36BAE /* FacilityBookingViewController.swift */ = {isa = PBXFileReference; lastKnownFileType = sourcecode.swift; path = FacilityBookingViewController.swift; sourceTree = "<group>"; };
		10B8E0F41F9B98A300B36BAE /* BookingDetailsViewController.swift */ = {isa = PBXFileReference; lastKnownFileType = sourcecode.swift; path = BookingDetailsViewController.swift; sourceTree = "<group>"; };
		10B8E0FA1F9BB53900B36BAE /* TimeSelectionViewController.swift */ = {isa = PBXFileReference; lastKnownFileType = sourcecode.swift; path = TimeSelectionViewController.swift; sourceTree = "<group>"; };
		10B8E0FC1F9BB57000B36BAE /* BaseTableViewController.swift */ = {isa = PBXFileReference; lastKnownFileType = sourcecode.swift; path = BaseTableViewController.swift; sourceTree = "<group>"; };
		10B8E0FE1F9BC20600B36BAE /* DateSelectionViewController.swift */ = {isa = PBXFileReference; lastKnownFileType = sourcecode.swift; path = DateSelectionViewController.swift; sourceTree = "<group>"; };
		10F314AE1F9BCA11007D6E3E /* BookingSummaryViewController.swift */ = {isa = PBXFileReference; lastKnownFileType = sourcecode.swift; path = BookingSummaryViewController.swift; sourceTree = "<group>"; };
		10F314B11F9BD28A007D6E3E /* Alamofire.framework */ = {isa = PBXFileReference; lastKnownFileType = wrapper.framework; name = Alamofire.framework; path = Carthage/Build/iOS/Alamofire.framework; sourceTree = "<group>"; };
		10F314B41F9C32EC007D6E3E /* WebViewController.swift */ = {isa = PBXFileReference; lastKnownFileType = sourcecode.swift; path = WebViewController.swift; sourceTree = "<group>"; };
/* End PBXFileReference section */

/* Begin PBXFrameworksBuildPhase section */
		105AE92F1F9B4D6900F121AA /* Frameworks */ = {
			isa = PBXFrameworksBuildPhase;
			buildActionMask = 2147483647;
			files = (
				10F314B21F9BD28A007D6E3E /* Alamofire.framework in Frameworks */,
			);
			runOnlyForDeploymentPostprocessing = 0;
		};
/* End PBXFrameworksBuildPhase section */

/* Begin PBXGroup section */
		105AE9291F9B4D6900F121AA = {
			isa = PBXGroup;
			children = (
				10F314B11F9BD28A007D6E3E /* Alamofire.framework */,
				105AE9341F9B4D6900F121AA /* CyberBook */,
				105AE9331F9B4D6900F121AA /* Products */,
			);
			sourceTree = "<group>";
		};
		105AE9331F9B4D6900F121AA /* Products */ = {
			isa = PBXGroup;
			children = (
				105AE9321F9B4D6900F121AA /* moBcub.app */,
			);
			name = Products;
			sourceTree = "<group>";
		};
		105AE9341F9B4D6900F121AA /* CyberBook */ = {
			isa = PBXGroup;
			children = (
				105AE9351F9B4D6900F121AA /* AppDelegate.swift */,
				105AE9391F9B4D6900F121AA /* Main.storyboard */,
				10B8E0EC1F9B72B000B36BAE /* MenuViewController.swift */,
				105AE9491F9B4DA900F121AA /* LandingViewController.swift */,
				105AE94B1F9B530500F121AA /* LoginViewController.swift */,
				104AECAF1F9B668700EFA7E7 /* KeyViewController.swift */,
				10B8E0F01F9B945B00B36BAE /* PropertyViewController.swift */,
				10B8E0F21F9B950200B36BAE /* FacilityBookingViewController.swift */,
				10B8E0F41F9B98A300B36BAE /* BookingDetailsViewController.swift */,
				10B8E0FA1F9BB53900B36BAE /* TimeSelectionViewController.swift */,
				10B8E0FE1F9BC20600B36BAE /* DateSelectionViewController.swift */,
				10F314AE1F9BCA11007D6E3E /* BookingSummaryViewController.swift */,
				104AECB11F9B68D200EFA7E7 /* Theme.swift */,
				10B8E0EE1F9B746200B36BAE /* BaseViewController.swift */,
				10B8E0FC1F9BB57000B36BAE /* BaseTableViewController.swift */,
				10F314B41F9C32EC007D6E3E /* WebViewController.swift */,
				1041A3581F9C438000150D14 /* UnlockViewController.swift */,
				105AE93C1F9B4D6900F121AA /* Assets.xcassets */,
				105AE93E1F9B4D6900F121AA /* LaunchScreen.storyboard */,
				105AE9411F9B4D6900F121AA /* Info.plist */,
			);
			path = CyberBook;
			sourceTree = "<group>";
		};
/* End PBXGroup section */

/* Begin PBXNativeTarget section */
		105AE9311F9B4D6900F121AA /* CyberBook */ = {
			isa = PBXNativeTarget;
			buildConfigurationList = 105AE9441F9B4D6900F121AA /* Build configuration list for PBXNativeTarget "CyberBook" */;
			buildPhases = (
				105AE92E1F9B4D6900F121AA /* Sources */,
				105AE92F1F9B4D6900F121AA /* Frameworks */,
				105AE9301F9B4D6900F121AA /* Resources */,
				10B8E0F91F9B9CB200B36BAE /* Embed Frameworks */,
				10F314B01F9BD238007D6E3E /* [Carthage] Run Script Phase */,
			);
			buildRules = (
			);
			dependencies = (
			);
			name = CyberBook;
			productName = CyberBook;
			productReference = 105AE9321F9B4D6900F121AA /* moBcub.app */;
			productType = "com.apple.product-type.application";
		};
/* End PBXNativeTarget section */

/* Begin PBXProject section */
		105AE92A1F9B4D6900F121AA /* Project object */ = {
			isa = PBXProject;
			attributes = {
				LastSwiftUpdateCheck = 0900;
				LastUpgradeCheck = 0900;
				ORGANIZATIONNAME = "Ada Wong";
				TargetAttributes = {
					105AE9311F9B4D6900F121AA = {
						CreatedOnToolsVersion = 9.0;
						ProvisioningStyle = Automatic;
					};
				};
			};
			buildConfigurationList = 105AE92D1F9B4D6900F121AA /* Build configuration list for PBXProject "CyberBook" */;
			compatibilityVersion = "Xcode 8.0";
			developmentRegion = en;
			hasScannedForEncodings = 0;
			knownRegions = (
				en,
				Base,
			);
			mainGroup = 105AE9291F9B4D6900F121AA;
			productRefGroup = 105AE9331F9B4D6900F121AA /* Products */;
			projectDirPath = "";
			projectRoot = "";
			targets = (
				105AE9311F9B4D6900F121AA /* CyberBook */,
			);
		};
/* End PBXProject section */

/* Begin PBXResourcesBuildPhase section */
		105AE9301F9B4D6900F121AA /* Resources */ = {
			isa = PBXResourcesBuildPhase;
			buildActionMask = 2147483647;
			files = (
				105AE9401F9B4D6900F121AA /* LaunchScreen.storyboard in Resources */,
				105AE93D1F9B4D6900F121AA /* Assets.xcassets in Resources */,
				105AE93B1F9B4D6900F121AA /* Main.storyboard in Resources */,
			);
			runOnlyForDeploymentPostprocessing = 0;
		};
/* End PBXResourcesBuildPhase section */

/* Begin PBXShellScriptBuildPhase section */
		10F314B01F9BD238007D6E3E /* [Carthage] Run Script Phase */ = {
			isa = PBXShellScriptBuildPhase;
			buildActionMask = 2147483647;
			files = (
			);
			inputPaths = (
				"$(SRCROOT)/Carthage/Build/iOS/Alamofire.framework",
			);
			name = "[Carthage] Run Script Phase";
			outputPaths = (
			);
			runOnlyForDeploymentPostprocessing = 0;
			shellPath = /bin/sh;
			shellScript = "";
		};
/* End PBXShellScriptBuildPhase section */

/* Begin PBXSourcesBuildPhase section */
		105AE92E1F9B4D6900F121AA /* Sources */ = {
			isa = PBXSourcesBuildPhase;
			buildActionMask = 2147483647;
			files = (
				1041A3591F9C438000150D14 /* UnlockViewController.swift in Sources */,
				105AE94C1F9B530500F121AA /* LoginViewController.swift in Sources */,
				10B8E0ED1F9B72B000B36BAE /* MenuViewController.swift in Sources */,
				105AE94A1F9B4DA900F121AA /* LandingViewController.swift in Sources */,
				10B8E0F11F9B945B00B36BAE /* PropertyViewController.swift in Sources */,
				10B8E0F31F9B950200B36BAE /* FacilityBookingViewController.swift in Sources */,
				10B8E0FF1F9BC20600B36BAE /* DateSelectionViewController.swift in Sources */,
				104AECB21F9B68D200EFA7E7 /* Theme.swift in Sources */,
				10F314AF1F9BCA11007D6E3E /* BookingSummaryViewController.swift in Sources */,
				10B8E0FD1F9BB57000B36BAE /* BaseTableViewController.swift in Sources */,
				104AECB01F9B668700EFA7E7 /* KeyViewController.swift in Sources */,
				10B8E0F51F9B98A300B36BAE /* BookingDetailsViewController.swift in Sources */,
				10B8E0EF1F9B746200B36BAE /* BaseViewController.swift in Sources */,
				10B8E0FB1F9BB53900B36BAE /* TimeSelectionViewController.swift in Sources */,
				10F314B51F9C32EC007D6E3E /* WebViewController.swift in Sources */,
				105AE9361F9B4D6900F121AA /* AppDelegate.swift in Sources */,
			);
			runOnlyForDeploymentPostprocessing = 0;
		};
/* End PBXSourcesBuildPhase section */

/* Begin PBXVariantGroup section */
		105AE9391F9B4D6900F121AA /* Main.storyboard */ = {
			isa = PBXVariantGroup;
			children = (
				105AE93A1F9B4D6900F121AA /* Base */,
			);
			name = Main.storyboard;
			sourceTree = "<group>";
		};
		105AE93E1F9B4D6900F121AA /* LaunchScreen.storyboard */ = {
			isa = PBXVariantGroup;
			children = (
				105AE93F1F9B4D6900F121AA /* Base */,
			);
			name = LaunchScreen.storyboard;
			sourceTree = "<group>";
		};
/* End PBXVariantGroup section */

/* Begin XCBuildConfiguration section */
		105AE9421F9B4D6900F121AA /* Debug */ = {
			isa = XCBuildConfiguration;
			buildSettings = {
				ALWAYS_SEARCH_USER_PATHS = NO;
				CLANG_ANALYZER_NONNULL = YES;
				CLANG_ANALYZER_NUMBER_OBJECT_CONVERSION = YES_AGGRESSIVE;
				CLANG_CXX_LANGUAGE_STANDARD = "gnu++14";
				CLANG_CXX_LIBRARY = "libc++";
				CLANG_ENABLE_MODULES = YES;
				CLANG_ENABLE_OBJC_ARC = YES;
				CLANG_WARN_BLOCK_CAPTURE_AUTORELEASING = YES;
				CLANG_WARN_BOOL_CONVERSION = YES;
				CLANG_WARN_COMMA = YES;
				CLANG_WARN_CONSTANT_CONVERSION = YES;
				CLANG_WARN_DIRECT_OBJC_ISA_USAGE = YES_ERROR;
				CLANG_WARN_DOCUMENTATION_COMMENTS = YES;
				CLANG_WARN_EMPTY_BODY = YES;
				CLANG_WARN_ENUM_CONVERSION = YES;
				CLANG_WARN_INFINITE_RECURSION = YES;
				CLANG_WARN_INT_CONVERSION = YES;
				CLANG_WARN_NON_LITERAL_NULL_CONVERSION = YES;
				CLANG_WARN_OBJC_LITERAL_CONVERSION = YES;
				CLANG_WARN_OBJC_ROOT_CLASS = YES_ERROR;
				CLANG_WARN_RANGE_LOOP_ANALYSIS = YES;
				CLANG_WARN_STRICT_PROTOTYPES = YES;
				CLANG_WARN_SUSPICIOUS_MOVE = YES;
				CLANG_WARN_UNGUARDED_AVAILABILITY = YES_AGGRESSIVE;
				CLANG_WARN_UNREACHABLE_CODE = YES;
				CLANG_WARN__DUPLICATE_METHOD_MATCH = YES;
				CODE_SIGN_IDENTITY = "iPhone Developer";
				COPY_PHASE_STRIP = NO;
				DEBUG_INFORMATION_FORMAT = dwarf;
				ENABLE_STRICT_OBJC_MSGSEND = YES;
				ENABLE_TESTABILITY = YES;
				GCC_C_LANGUAGE_STANDARD = gnu11;
				GCC_DYNAMIC_NO_PIC = NO;
				GCC_NO_COMMON_BLOCKS = YES;
				GCC_OPTIMIZATION_LEVEL = 0;
				GCC_PREPROCESSOR_DEFINITIONS = (
					"DEBUG=1",
					"$(inherited)",
				);
				GCC_WARN_64_TO_32_BIT_CONVERSION = YES;
				GCC_WARN_ABOUT_RETURN_TYPE = YES_ERROR;
				GCC_WARN_UNDECLARED_SELECTOR = YES;
				GCC_WARN_UNINITIALIZED_AUTOS = YES_AGGRESSIVE;
				GCC_WARN_UNUSED_FUNCTION = YES;
				GCC_WARN_UNUSED_VARIABLE = YES;
				IPHONEOS_DEPLOYMENT_TARGET = 11.0;
				MTL_ENABLE_DEBUG_INFO = YES;
				ONLY_ACTIVE_ARCH = YES;
				SDKROOT = iphoneos;
				SWIFT_ACTIVE_COMPILATION_CONDITIONS = DEBUG;
				SWIFT_OPTIMIZATION_LEVEL = "-Onone";
			};
			name = Debug;
		};
		105AE9431F9B4D6900F121AA /* Release */ = {
			isa = XCBuildConfiguration;
			buildSettings = {
				ALWAYS_SEARCH_USER_PATHS = NO;
				CLANG_ANALYZER_NONNULL = YES;
				CLANG_ANALYZER_NUMBER_OBJECT_CONVERSION = YES_AGGRESSIVE;
				CLANG_CXX_LANGUAGE_STANDARD = "gnu++14";
				CLANG_CXX_LIBRARY = "libc++";
				CLANG_ENABLE_MODULES = YES;
				CLANG_ENABLE_OBJC_ARC = YES;
				CLANG_WARN_BLOCK_CAPTURE_AUTORELEASING = YES;
				CLANG_WARN_BOOL_CONVERSION = YES;
				CLANG_WARN_COMMA = YES;
				CLANG_WARN_CONSTANT_CONVERSION = YES;
				CLANG_WARN_DIRECT_OBJC_ISA_USAGE = YES_ERROR;
				CLANG_WARN_DOCUMENTATION_COMMENTS = YES;
				CLANG_WARN_EMPTY_BODY = YES;
				CLANG_WARN_ENUM_CONVERSION = YES;
				CLANG_WARN_INFINITE_RECURSION = YES;
				CLANG_WARN_INT_CONVERSION = YES;
				CLANG_WARN_NON_LITERAL_NULL_CONVERSION = YES;
				CLANG_WARN_OBJC_LITERAL_CONVERSION = YES;
				CLANG_WARN_OBJC_ROOT_CLASS = YES_ERROR;
				CLANG_WARN_RANGE_LOOP_ANALYSIS = YES;
				CLANG_WARN_STRICT_PROTOTYPES = YES;
				CLANG_WARN_SUSPICIOUS_MOVE = YES;
				CLANG_WARN_UNGUARDED_AVAILABILITY = YES_AGGRESSIVE;
				CLANG_WARN_UNREACHABLE_CODE = YES;
				CLANG_WARN__DUPLICATE_METHOD_MATCH = YES;
				CODE_SIGN_IDENTITY = "iPhone Developer";
				COPY_PHASE_STRIP = NO;
				DEBUG_INFORMATION_FORMAT = "dwarf-with-dsym";
				ENABLE_NS_ASSERTIONS = NO;
				ENABLE_STRICT_OBJC_MSGSEND = YES;
				GCC_C_LANGUAGE_STANDARD = gnu11;
				GCC_NO_COMMON_BLOCKS = YES;
				GCC_WARN_64_TO_32_BIT_CONVERSION = YES;
				GCC_WARN_ABOUT_RETURN_TYPE = YES_ERROR;
				GCC_WARN_UNDECLARED_SELECTOR = YES;
				GCC_WARN_UNINITIALIZED_AUTOS = YES_AGGRESSIVE;
				GCC_WARN_UNUSED_FUNCTION = YES;
				GCC_WARN_UNUSED_VARIABLE = YES;
				IPHONEOS_DEPLOYMENT_TARGET = 11.0;
				MTL_ENABLE_DEBUG_INFO = NO;
				SDKROOT = iphoneos;
				SWIFT_OPTIMIZATION_LEVEL = "-Owholemodule";
				VALIDATE_PRODUCT = YES;
			};
			name = Release;
		};
		105AE9451F9B4D6900F121AA /* Debug */ = {
			isa = XCBuildConfiguration;
			buildSettings = {
				ASSETCATALOG_COMPILER_APPICON_NAME = AppIcon;
				CODE_SIGN_STYLE = Automatic;
				DEVELOPMENT_TEAM = 3X5U86R3TB;
				FRAMEWORK_SEARCH_PATHS = (
					"$(inherited)",
					"$(PROJECT_DIR)/CyberBook",
					"$(PROJECT_DIR)/Carthage/Build/iOS",
				);
				INFOPLIST_FILE = CyberBook/Info.plist;
				LD_RUNPATH_SEARCH_PATHS = "$(inherited) @executable_path/Frameworks";
				PRODUCT_BUNDLE_IDENTIFIER = com.ada.CyberBook;
				PRODUCT_NAME = moBcub;
				SWIFT_VERSION = 4.0;
				TARGETED_DEVICE_FAMILY = 1;
			};
			name = Debug;
		};
		105AE9461F9B4D6900F121AA /* Release */ = {
			isa = XCBuildConfiguration;
			buildSettings = {
				ASSETCATALOG_COMPILER_APPICON_NAME = AppIcon;
				CODE_SIGN_STYLE = Automatic;
				DEVELOPMENT_TEAM = 3X5U86R3TB;
				FRAMEWORK_SEARCH_PATHS = (
					"$(inherited)",
					"$(PROJECT_DIR)/CyberBook",
					"$(PROJECT_DIR)/Carthage/Build/iOS",
				);
				INFOPLIST_FILE = CyberBook/Info.plist;
				LD_RUNPATH_SEARCH_PATHS = "$(inherited) @executable_path/Frameworks";
				PRODUCT_BUNDLE_IDENTIFIER = com.ada.CyberBook;
				PRODUCT_NAME = moBcub;
				SWIFT_VERSION = 4.0;
				TARGETED_DEVICE_FAMILY = 1;
			};
			name = Release;
		};
/* End XCBuildConfiguration section */

/* Begin XCConfigurationList section */
		105AE92D1F9B4D6900F121AA /* Build configuration list for PBXProject "CyberBook" */ = {
			isa = XCConfigurationList;
			buildConfigurations = (
				105AE9421F9B4D6900F121AA /* Debug */,
				105AE9431F9B4D6900F121AA /* Release */,
			);
			defaultConfigurationIsVisible = 0;
			defaultConfigurationName = Release;
		};
		105AE9441F9B4D6900F121AA /* Build configuration list for PBXNativeTarget "CyberBook" */ = {
			isa = XCConfigurationList;
			buildConfigurations = (
				105AE9451F9B4D6900F121AA /* Debug */,
				105AE9461F9B4D6900F121AA /* Release */,
			);
			defaultConfigurationIsVisible = 0;
			defaultConfigurationName = Release;
		};
/* End XCConfigurationList section */
	};
	rootObject = 105AE92A1F9B4D6900F121AA /* Project object */;
}
